
Microsoft Visual Studio Solution File, Format Version 12.00
# Visual Studio 15
VisualStudioVersion = 15.0.28307.1209
MinimumVisualStudioVersion = 10.0.40219.1
Project("{FAE04EC0-301F-11D3-BF4B-00C04F79EFBC}") = "Stryker", "Stryker\Stryker.csproj", "{EF1E0A81-1B5D-4F29-98FF-26892B871D2B}"
EndProject
Project("{FAE04EC0-301F-11D3-BF4B-00C04F79EFBC}") = "Stryker.Test", "Stryker.Test\Stryker.Test.csproj", "{C3EC5218-5FDE-42D4-83F3-3F679CE16393}"
EndProject
Global
	GlobalSection(SolutionConfigurationPlatforms) = preSolution
		Debug|Any CPU = Debug|Any CPU
		Release|Any CPU = Release|Any CPU
	EndGlobalSection
	GlobalSection(ProjectConfigurationPlatforms) = postSolution
		{EF1E0A81-1B5D-4F29-98FF-26892B871D2B}.Debug|Any CPU.ActiveCfg = Debug|Any CPU
		{EF1E0A81-1B5D-4F29-98FF-26892B871D2B}.Debug|Any CPU.Build.0 = Debug|Any CPU
		{EF1E0A81-1B5D-4F29-98FF-26892B871D2B}.Release|Any CPU.ActiveCfg = Release|Any CPU
		{EF1E0A81-1B5D-4F29-98FF-26892B871D2B}.Release|Any CPU.Build.0 = Release|Any CPU
		{C3EC5218-5FDE-42D4-83F3-3F679CE16393}.Debug|Any CPU.ActiveCfg = Debug|Any CPU
		{C3EC5218-5FDE-42D4-83F3-3F679CE16393}.Debug|Any CPU.Build.0 = Debug|Any CPU
		{C3EC5218-5FDE-42D4-83F3-3F679CE16393}.Release|Any CPU.ActiveCfg = Release|Any CPU
		{C3EC5218-5FDE-42D4-83F3-3F679CE16393}.Release|Any CPU.Build.0 = Release|Any CPU
	EndGlobalSection
	GlobalSection(SolutionProperties) = preSolution
		HideSolutionNode = FALSE
	EndGlobalSection
	GlobalSection(ExtensibilityGlobals) = postSolution
		SolutionGuid = {8E30B04D-C942-4621-9BD6-4124123B2A6B}
	EndGlobalSection
EndGlobal
